// !$*UTF8*$!
{
	archiveVersion = 1;
	classes = {
	};
	objectVersion = 46;
	objects = {

/* Begin PBXBuildFile section */
		6E7FE68D1E6C37A30084F81C /* main.m in Sources */ = {isa = PBXBuildFile; fileRef = 6E7FE68C1E6C37A30084F81C /* main.m */; };
		6E7FE6901E6C37A30084F81C /* AppDelegate.m in Sources */ = {isa = PBXBuildFile; fileRef = 6E7FE68F1E6C37A30084F81C /* AppDelegate.m */; };
		6E7FE6931E6C37A30084F81C /* ViewController.m in Sources */ = {isa = PBXBuildFile; fileRef = 6E7FE6921E6C37A30084F81C /* ViewController.m */; };
		6E7FE6961E6C37A30084F81C /* Main.storyboard in Resources */ = {isa = PBXBuildFile; fileRef = 6E7FE6941E6C37A30084F81C /* Main.storyboard */; };
		6E7FE6981E6C37A30084F81C /* Assets.xcassets in Resources */ = {isa = PBXBuildFile; fileRef = 6E7FE6971E6C37A30084F81C /* Assets.xcassets */; };
		6E7FE69B1E6C37A30084F81C /* LaunchScreen.storyboard in Resources */ = {isa = PBXBuildFile; fileRef = 6E7FE6991E6C37A30084F81C /* LaunchScreen.storyboard */; };
		6E7FE6A31E6C38000084F81C /* Channel.framework in Frameworks */ = {isa = PBXBuildFile; fileRef = 6E7FE6A21E6C38000084F81C /* Channel.framework */; };
		6E7FE6A41E6C38160084F81C /* Channel.framework in Frameworks */ = {isa = PBXBuildFile; fileRef = 6E7FE6A21E6C38000084F81C /* Channel.framework */; };
		6E7FE6A51E6C38160084F81C /* Channel.framework in Embed Frameworks */ = {isa = PBXBuildFile; fileRef = 6E7FE6A21E6C38000084F81C /* Channel.framework */; settings = {ATTRIBUTES = (CodeSignOnCopy, RemoveHeadersOnCopy, ); }; };
/* End PBXBuildFile section */

/* Begin PBXCopyFilesBuildPhase section */
		6E7FE6A61E6C38160084F81C /* Embed Frameworks */ = {
			isa = PBXCopyFilesBuildPhase;
			buildActionMask = 2147483647;
			dstPath = "";
			dstSubfolderSpec = 10;
			files = (
				6E7FE6A51E6C38160084F81C /* Channel.framework in Embed Frameworks */,
			);
			name = "Embed Frameworks";
			runOnlyForDeploymentPostprocessing = 0;
		};
/* End PBXCopyFilesBuildPhase section */

/* Begin PBXFileReference section */
		6E7FE6881E6C37A30084F81C /* ChannelExample.app */ = {isa = PBXFileReference; explicitFileType = wrapper.application; includeInIndex = 0; path = ChannelExample.app; sourceTree = BUILT_PRODUCTS_DIR; };
		6E7FE68C1E6C37A30084F81C /* main.m */ = {isa = PBXFileReference; lastKnownFileType = sourcecode.c.objc; path = main.m; sourceTree = "<group>"; };
		6E7FE68E1E6C37A30084F81C /* AppDelegate.h */ = {isa = PBXFileReference; lastKnownFileType = sourcecode.c.h; path = AppDelegate.h; sourceTree = "<group>"; };
		6E7FE68F1E6C37A30084F81C /* AppDelegate.m */ = {isa = PBXFileReference; lastKnownFileType = sourcecode.c.objc; path = AppDelegate.m; sourceTree = "<group>"; };
		6E7FE6911E6C37A30084F81C /* ViewController.h */ = {isa = PBXFileReference; lastKnownFileType = sourcecode.c.h; path = ViewController.h; sourceTree = "<group>"; };
		6E7FE6921E6C37A30084F81C /* ViewController.m */ = {isa = PBXFileReference; lastKnownFileType = sourcecode.c.objc; path = ViewController.m; sourceTree = "<group>"; };
		6E7FE6951E6C37A30084F81C /* Base */ = {isa = PBXFileReference; lastKnownFileType = file.storyboard; name = Base; path = Base.lproj/Main.storyboard; sourceTree = "<group>"; };
		6E7FE6971E6C37A30084F81C /* Assets.xcassets */ = {isa = PBXFileReference; lastKnownFileType = folder.assetcatalog; path = Assets.xcassets; sourceTree = "<group>"; };
		6E7FE69A1E6C37A30084F81C /* Base */ = {isa = PBXFileReference; lastKnownFileType = file.storyboard; name = Base; path = Base.lproj/LaunchScreen.storyboard; sourceTree = "<group>"; };
		6E7FE69C1E6C37A30084F81C /* Info.plist */ = {isa = PBXFileReference; lastKnownFileType = text.plist.xml; path = Info.plist; sourceTree = "<group>"; };
		6E7FE6A21E6C38000084F81C /* Channel.framework */ = {isa = PBXFileReference; lastKnownFileType = wrapper.framework; path = Channel.framework; sourceTree = "<group>"; };
/* End PBXFileReference section */

/* Begin PBXFrameworksBuildPhase section */
		6E7FE6851E6C37A20084F81C /* Frameworks */ = {
			isa = PBXFrameworksBuildPhase;
			buildActionMask = 2147483647;
			files = (
				6E7FE6A41E6C38160084F81C /* Channel.framework in Frameworks */,
				6E7FE6A31E6C38000084F81C /* Channel.framework in Frameworks */,
			);
			runOnlyForDeploymentPostprocessing = 0;
		};
/* End PBXFrameworksBuildPhase section */

/* Begin PBXGroup section */
		6E7FE67F1E6C37A20084F81C = {
			isa = PBXGroup;
			children = (
				6E7FE68A1E6C37A30084F81C /* ChannelExample */,
				6E7FE6891E6C37A30084F81C /* Products */,
			);
			sourceTree = "<group>";
		};
		6E7FE6891E6C37A30084F81C /* Products */ = {
			isa = PBXGroup;
			children = (
				6E7FE6881E6C37A30084F81C /* ChannelExample.app */,
			);
			name = Products;
			sourceTree = "<group>";
		};
		6E7FE68A1E6C37A30084F81C /* ChannelExample */ = {
			isa = PBXGroup;
			children = (
				6E7FE6A21E6C38000084F81C /* Channel.framework */,
				6E7FE68E1E6C37A30084F81C /* AppDelegate.h */,
				6E7FE68F1E6C37A30084F81C /* AppDelegate.m */,
				6E7FE6911E6C37A30084F81C /* ViewController.h */,
				6E7FE6921E6C37A30084F81C /* ViewController.m */,
				6E7FE6941E6C37A30084F81C /* Main.storyboard */,
				6E7FE6971E6C37A30084F81C /* Assets.xcassets */,
				6E7FE6991E6C37A30084F81C /* LaunchScreen.storyboard */,
				6E7FE69C1E6C37A30084F81C /* Info.plist */,
				6E7FE68B1E6C37A30084F81C /* Supporting Files */,
			);
			path = ChannelExample;
			sourceTree = "<group>";
		};
		6E7FE68B1E6C37A30084F81C /* Supporting Files */ = {
			isa = PBXGroup;
			children = (
				6E7FE68C1E6C37A30084F81C /* main.m */,
			);
			name = "Supporting Files";
			sourceTree = "<group>";
		};
/* End PBXGroup section */

/* Begin PBXNativeTarget section */
		6E7FE6871E6C37A20084F81C /* ChannelExample */ = {
			isa = PBXNativeTarget;
			buildConfigurationList = 6E7FE69F1E6C37A30084F81C /* Build configuration list for PBXNativeTarget "ChannelExample" */;
			buildPhases = (
				6E7FE6841E6C37A20084F81C /* Sources */,
				6E7FE6851E6C37A20084F81C /* Frameworks */,
				6E7FE6861E6C37A20084F81C /* Resources */,
				6E7FE6A61E6C38160084F81C /* Embed Frameworks */,
				6E5DA6471E814F6100E2579F /* ShellScript */,
			);
			buildRules = (
			);
			dependencies = (
			);
			name = ChannelExample;
			productName = ChannelExample;
			productReference = 6E7FE6881E6C37A30084F81C /* ChannelExample.app */;
			productType = "com.apple.product-type.application";
		};
/* End PBXNativeTarget section */

/* Begin PBXProject section */
		6E7FE6801E6C37A20084F81C /* Project object */ = {
			isa = PBXProject;
			attributes = {
				LastUpgradeCheck = 0820;
				ORGANIZATIONNAME = "Mogohichi, Inc.";
				TargetAttributes = {
					6E7FE6871E6C37A20084F81C = {
						CreatedOnToolsVersion = 8.2.1;
						ProvisioningStyle = Automatic;
					};
				};
			};
			buildConfigurationList = 6E7FE6831E6C37A20084F81C /* Build configuration list for PBXProject "ChannelExample" */;
			compatibilityVersion = "Xcode 3.2";
			developmentRegion = English;
			hasScannedForEncodings = 0;
			knownRegions = (
				en,
				Base,
			);
			mainGroup = 6E7FE67F1E6C37A20084F81C;
			productRefGroup = 6E7FE6891E6C37A30084F81C /* Products */;
			projectDirPath = "";
			projectRoot = "";
			targets = (
				6E7FE6871E6C37A20084F81C /* ChannelExample */,
			);
		};
/* End PBXProject section */

/* Begin PBXResourcesBuildPhase section */
		6E7FE6861E6C37A20084F81C /* Resources */ = {
			isa = PBXResourcesBuildPhase;
			buildActionMask = 2147483647;
			files = (
				6E7FE69B1E6C37A30084F81C /* LaunchScreen.storyboard in Resources */,
				6E7FE6981E6C37A30084F81C /* Assets.xcassets in Resources */,
				6E7FE6961E6C37A30084F81C /* Main.storyboard in Resources */,
			);
			runOnlyForDeploymentPostprocessing = 0;
		};
/* End PBXResourcesBuildPhase section */

/* Begin PBXShellScriptBuildPhase section */
		6E5DA6471E814F6100E2579F /* ShellScript */ = {
			isa = PBXShellScriptBuildPhase;
			buildActionMask = 2147483647;
			files = (
			);
			inputPaths = (
			);
			outputPaths = (
			);
			runOnlyForDeploymentPostprocessing = 0;
			shellPath = /bin/sh;
			shellScript = "bash \"${BUILT_PRODUCTS_DIR}/${FRAMEWORKS_FOLDER_PATH}/Channel.framework/strip-frameworks.sh\"";
		};
/* End PBXShellScriptBuildPhase section */

/* Begin PBXSourcesBuildPhase section */
		6E7FE6841E6C37A20084F81C /* Sources */ = {
			isa = PBXSourcesBuildPhase;
			buildActionMask = 2147483647;
			files = (
				6E7FE6931E6C37A30084F81C /* ViewController.m in Sources */,
				6E7FE6901E6C37A30084F81C /* AppDelegate.m in Sources */,
				6E7FE68D1E6C37A30084F81C /* main.m in Sources */,
			);
			runOnlyForDeploymentPostprocessing = 0;
		};
/* End PBXSourcesBuildPhase section */

/* Begin PBXVariantGroup section */
		6E7FE6941E6C37A30084F81C /* Main.storyboard */ = {
			isa = PBXVariantGroup;
			children = (
				6E7FE6951E6C37A30084F81C /* Base */,
			);
			name = Main.storyboard;
			sourceTree = "<group>";
		};
		6E7FE6991E6C37A30084F81C /* LaunchScreen.storyboard */ = {
			isa = PBXVariantGroup;
			children = (
				6E7FE69A1E6C37A30084F81C /* Base */,
			);
			name = LaunchScreen.storyboard;
			sourceTree = "<group>";
		};
/* End PBXVariantGroup section */

/* Begin XCBuildConfiguration section */
		6E7FE69D1E6C37A30084F81C /* Debug */ = {
			isa = XCBuildConfiguration;
			buildSettings = {
				ALWAYS_SEARCH_USER_PATHS = NO;
				CLANG_ANALYZER_NONNULL = YES;
				CLANG_CXX_LANGUAGE_STANDARD = "gnu++0x";
				CLANG_CXX_LIBRARY = "libc++";
				CLANG_ENABLE_MODULES = YES;
				CLANG_ENABLE_OBJC_ARC = YES;
				CLANG_WARN_BOOL_CONVERSION = YES;
				CLANG_WARN_CONSTANT_CONVERSION = YES;
				CLANG_WARN_DIRECT_OBJC_ISA_USAGE = YES_ERROR;
				CLANG_WARN_DOCUMENTATION_COMMENTS = YES;
				CLANG_WARN_EMPTY_BODY = YES;
				CLANG_WARN_ENUM_CONVERSION = YES;
				CLANG_WARN_INFINITE_RECURSION = YES;
				CLANG_WARN_INT_CONVERSION = YES;
				CLANG_WARN_OBJC_ROOT_CLASS = YES_ERROR;
				CLANG_WARN_SUSPICIOUS_MOVE = YES;
				CLANG_WARN_UNREACHABLE_CODE = YES;
				CLANG_WARN__DUPLICATE_METHOD_MATCH = YES;
				"CODE_SIGN_IDENTITY[sdk=iphoneos*]" = "iPhone Developer";
				COPY_PHASE_STRIP = NO;
				DEBUG_INFORMATION_FORMAT = dwarf;
				ENABLE_STRICT_OBJC_MSGSEND = YES;
				ENABLE_TESTABILITY = YES;
				GCC_C_LANGUAGE_STANDARD = gnu99;
				GCC_DYNAMIC_NO_PIC = NO;
				GCC_NO_COMMON_BLOCKS = YES;
				GCC_OPTIMIZATION_LEVEL = 0;
				GCC_PREPROCESSOR_DEFINITIONS = (
					"DEBUG=1",
					"$(inherited)",
				);
				GCC_WARN_64_TO_32_BIT_CONVERSION = YES;
				GCC_WARN_ABOUT_RETURN_TYPE = YES_ERROR;
				GCC_WARN_UNDECLARED_SELECTOR = YES;
				GCC_WARN_UNINITIALIZED_AUTOS = YES_AGGRESSIVE;
				GCC_WARN_UNUSED_FUNCTION = YES;
				GCC_WARN_UNUSED_VARIABLE = YES;
				IPHONEOS_DEPLOYMENT_TARGET = 10.2;
				MTL_ENABLE_DEBUG_INFO = YES;
				ONLY_ACTIVE_ARCH = YES;
				SDKROOT = iphoneos;
			};
			name = Debug;
		};
		6E7FE69E1E6C37A30084F81C /* Release */ = {
			isa = XCBuildConfiguration;
			buildSettings = {
				ALWAYS_SEARCH_USER_PATHS = NO;
				CLANG_ANALYZER_NONNULL = YES;
				CLANG_CXX_LANGUAGE_STANDARD = "gnu++0x";
				CLANG_CXX_LIBRARY = "libc++";
				CLANG_ENABLE_MODULES = YES;
				CLANG_ENABLE_OBJC_ARC = YES;
				CLANG_WARN_BOOL_CONVERSION = YES;
				CLANG_WARN_CONSTANT_CONVERSION = YES;
				CLANG_WARN_DIRECT_OBJC_ISA_USAGE = YES_ERROR;
				CLANG_WARN_DOCUMENTATION_COMMENTS = YES;
				CLANG_WARN_EMPTY_BODY = YES;
				CLANG_WARN_ENUM_CONVERSION = YES;
				CLANG_WARN_INFINITE_RECURSION = YES;
				CLANG_WARN_INT_CONVERSION = YES;
				CLANG_WARN_OBJC_ROOT_CLASS = YES_ERROR;
				CLANG_WARN_SUSPICIOUS_MOVE = YES;
				CLANG_WARN_UNREACHABLE_CODE = YES;
				CLANG_WARN__DUPLICATE_METHOD_MATCH = YES;
				"CODE_SIGN_IDENTITY[sdk=iphoneos*]" = "iPhone Developer";
				COPY_PHASE_STRIP = NO;
				DEBUG_INFORMATION_FORMAT = "dwarf-with-dsym";
				ENABLE_NS_ASSERTIONS = NO;
				ENABLE_STRICT_OBJC_MSGSEND = YES;
				GCC_C_LANGUAGE_STANDARD = gnu99;
				GCC_NO_COMMON_BLOCKS = YES;
				GCC_WARN_64_TO_32_BIT_CONVERSION = YES;
				GCC_WARN_ABOUT_RETURN_TYPE = YES_ERROR;
				GCC_WARN_UNDECLARED_SELECTOR = YES;
				GCC_WARN_UNINITIALIZED_AUTOS = YES_AGGRESSIVE;
				GCC_WARN_UNUSED_FUNCTION = YES;
				GCC_WARN_UNUSED_VARIABLE = YES;
				IPHONEOS_DEPLOYMENT_TARGET = 10.2;
				MTL_ENABLE_DEBUG_INFO = NO;
				SDKROOT = iphoneos;
				VALIDATE_PRODUCT = YES;
			};
			name = Release;
		};
		6E7FE6A01E6C37A30084F81C /* Debug */ = {
			isa = XCBuildConfiguration;
			buildSettings = {
				ASSETCATALOG_COMPILER_APPICON_NAME = AppIcon;
				FRAMEWORK_SEARCH_PATHS = (
					"$(inherited)",
					"$(PROJECT_DIR)/ChannelExample",
				);
				INFOPLIST_FILE = ChannelExample/Info.plist;
				LD_RUNPATH_SEARCH_PATHS = "$(inherited) @executable_path/Frameworks";
				PRODUCT_BUNDLE_IDENTIFIER = com.mogohichi.ChannelExample;
				PRODUCT_NAME = "$(TARGET_NAME)";
			};
			name = Debug;
		};
		6E7FE6A11E6C37A30084F81C /* Release */ = {
			isa = XCBuildConfiguration;
			buildSettings = {
				ASSETCATALOG_COMPILER_APPICON_NAME = AppIcon;
				FRAMEWORK_SEARCH_PATHS = (
					"$(inherited)",
					"$(PROJECT_DIR)/ChannelExample",
				);
				INFOPLIST_FILE = ChannelExample/Info.plist;
				LD_RUNPATH_SEARCH_PATHS = "$(inherited) @executable_path/Frameworks";
				PRODUCT_BUNDLE_IDENTIFIER = com.mogohichi.ChannelExample;
				PRODUCT_NAME = "$(TARGET_NAME)";
			};
			name = Release;
		};
/* End XCBuildConfiguration section */

/* Begin XCConfigurationList section */
		6E7FE6831E6C37A20084F81C /* Build configuration list for PBXProject "ChannelExample" */ = {
			isa = XCConfigurationList;
			buildConfigurations = (
				6E7FE69D1E6C37A30084F81C /* Debug */,
				6E7FE69E1E6C37A30084F81C /* Release */,
			);
			defaultConfigurationIsVisible = 0;
			defaultConfigurationName = Release;
		};
		6E7FE69F1E6C37A30084F81C /* Build configuration list for PBXNativeTarget "ChannelExample" */ = {
			isa = XCConfigurationList;
			buildConfigurations = (
				6E7FE6A01E6C37A30084F81C /* Debug */,
				6E7FE6A11E6C37A30084F81C /* Release */,
			);
			defaultConfigurationIsVisible = 0;
			defaultConfigurationName = Release;
		};
/* End XCConfigurationList section */
	};
	rootObject = 6E7FE6801E6C37A20084F81C /* Project object */;
}
